// !$*UTF8*$!
{
	archiveVersion = 1;
	classes = {
	};
	objectVersion = 50;
	objects = {

/* Begin PBXBuildFile section */
		3233F47D9E9D01FE605E2F6D /* Pods_MVVMRxSwift.framework in Frameworks */ = {isa = PBXBuildFile; fileRef = C99EAE6918C4A6B2F5A50C1F /* Pods_MVVMRxSwift.framework */; };
		3EF977D482A1E8FB527A5097 /* Pods_MVVMRxSwiftUITests.framework in Frameworks */ = {isa = PBXBuildFile; fileRef = ADA66D47C377D5DCE4FAC2A5 /* Pods_MVVMRxSwiftUITests.framework */; };
		8454984D217989FA000BA3BB /* AppDelegate.swift in Sources */ = {isa = PBXBuildFile; fileRef = 8454984C217989FA000BA3BB /* AppDelegate.swift */; };
		84549854217989FC000BA3BB /* Assets.xcassets in Resources */ = {isa = PBXBuildFile; fileRef = 84549853217989FC000BA3BB /* Assets.xcassets */; };
		84549857217989FC000BA3BB /* LaunchScreen.storyboard in Resources */ = {isa = PBXBuildFile; fileRef = 84549855217989FC000BA3BB /* LaunchScreen.storyboard */; };
		84549862217989FC000BA3BB /* MVVMRxSwiftTests.swift in Sources */ = {isa = PBXBuildFile; fileRef = 84549861217989FC000BA3BB /* MVVMRxSwiftTests.swift */; };
		8454986D217989FD000BA3BB /* MVVMRxSwiftUITests.swift in Sources */ = {isa = PBXBuildFile; fileRef = 8454986C217989FD000BA3BB /* MVVMRxSwiftUITests.swift */; };
		8454988421798AF1000BA3BB /* SuperStar.swift in Sources */ = {isa = PBXBuildFile; fileRef = 8454988321798AF1000BA3BB /* SuperStar.swift */; };
		8454988E21798B97000BA3BB /* ViewController.swift in Sources */ = {isa = PBXBuildFile; fileRef = 8454988D21798B97000BA3BB /* ViewController.swift */; };
		8454989021798BAD000BA3BB /* Main.storyboard in Resources */ = {isa = PBXBuildFile; fileRef = 8454988F21798BAD000BA3BB /* Main.storyboard */; };
		8454989621798C52000BA3BB /* SuperStarViewController.swift in Sources */ = {isa = PBXBuildFile; fileRef = 8454989421798C4F000BA3BB /* SuperStarViewController.swift */; };
		8454989721798C52000BA3BB /* SuperStarViewController.xib in Resources */ = {isa = PBXBuildFile; fileRef = 8454989521798C52000BA3BB /* SuperStarViewController.xib */; };
		8454989A21798C5F000BA3BB /* CustomTableViewCell.xib in Resources */ = {isa = PBXBuildFile; fileRef = 8454989821798C5C000BA3BB /* CustomTableViewCell.xib */; };
		8454989B21798C5F000BA3BB /* CustomTableViewCell.swift in Sources */ = {isa = PBXBuildFile; fileRef = 8454989921798C5F000BA3BB /* CustomTableViewCell.swift */; };
		8454989F21798CBB000BA3BB /* FirstViewModel.swift in Sources */ = {isa = PBXBuildFile; fileRef = 8454989D21798CB5000BA3BB /* FirstViewModel.swift */; };
		845498A021798CBB000BA3BB /* SuperStarViewModel.swift in Sources */ = {isa = PBXBuildFile; fileRef = 8454989E21798CBA000BA3BB /* SuperStarViewModel.swift */; };
		845498A221798DB4000BA3BB /* Utilities.swift in Sources */ = {isa = PBXBuildFile; fileRef = 845498A121798DB4000BA3BB /* Utilities.swift */; };
		84830A412179951F00DE70D8 /* Club.swift in Sources */ = {isa = PBXBuildFile; fileRef = 84830A402179951F00DE70D8 /* Club.swift */; };
		84830A45217995CD00DE70D8 /* CustomTableViewHeader.swift in Sources */ = {isa = PBXBuildFile; fileRef = 84830A43217995CD00DE70D8 /* CustomTableViewHeader.swift */; };
		84830A46217995CD00DE70D8 /* CustomTableViewHeader.xib in Resources */ = {isa = PBXBuildFile; fileRef = 84830A44217995CD00DE70D8 /* CustomTableViewHeader.xib */; };
		84B887D4217D6CE100A769EC /* PostMapper.swift in Sources */ = {isa = PBXBuildFile; fileRef = 84B887D3217D6CE100A769EC /* PostMapper.swift */; };
		84B887D6217D7F8200A769EC /* PostNew.swift in Sources */ = {isa = PBXBuildFile; fileRef = 84B887D5217D7F8200A769EC /* PostNew.swift */; };
		84C03203217C4B8600E38697 /* PostDTOs.swift in Sources */ = {isa = PBXBuildFile; fileRef = 84C03202217C4B8600E38697 /* PostDTOs.swift */; };
		84C03205217C4B9100E38697 /* Post.swift in Sources */ = {isa = PBXBuildFile; fileRef = 84C03204217C4B9100E38697 /* Post.swift */; };
		84C03208217C4C6B00E38697 /* APIRequestProvider.swift in Sources */ = {isa = PBXBuildFile; fileRef = 84C03207217C4C6B00E38697 /* APIRequestProvider.swift */; };
		84C0320A217C4CA100E38697 /* APIServiceAgent.swift in Sources */ = {isa = PBXBuildFile; fileRef = 84C03209217C4CA100E38697 /* APIServiceAgent.swift */; };
		84C0320C217C4CE000E38697 /* APIServiceObject.swift in Sources */ = {isa = PBXBuildFile; fileRef = 84C0320B217C4CE000E38697 /* APIServiceObject.swift */; };
		84C0320E217C4D0C00E38697 /* PostServices.swift in Sources */ = {isa = PBXBuildFile; fileRef = 84C0320D217C4D0C00E38697 /* PostServices.swift */; };
		9328D2FF768002558D17015B /* Pods_MVVMRxSwiftTests.framework in Frameworks */ = {isa = PBXBuildFile; fileRef = 53DAC1E6D66DAB7BA5C54BE2 /* Pods_MVVMRxSwiftTests.framework */; };
/* End PBXBuildFile section */

/* Begin PBXContainerItemProxy section */
		8454985E217989FC000BA3BB /* PBXContainerItemProxy */ = {
			isa = PBXContainerItemProxy;
			containerPortal = 84549841217989FA000BA3BB /* Project object */;
			proxyType = 1;
			remoteGlobalIDString = 84549848217989FA000BA3BB;
			remoteInfo = MVVMRxSwift;
		};
		84549869217989FC000BA3BB /* PBXContainerItemProxy */ = {
			isa = PBXContainerItemProxy;
			containerPortal = 84549841217989FA000BA3BB /* Project object */;
			proxyType = 1;
			remoteGlobalIDString = 84549848217989FA000BA3BB;
			remoteInfo = MVVMRxSwift;
		};
/* End PBXContainerItemProxy section */

/* Begin PBXFileReference section */
		24D2E51536B531BBB7DC123C /* Pods-MVVMRxSwiftTests.debug.xcconfig */ = {isa = PBXFileReference; includeInIndex = 1; lastKnownFileType = text.xcconfig; name = "Pods-MVVMRxSwiftTests.debug.xcconfig"; path = "Pods/Target Support Files/Pods-MVVMRxSwiftTests/Pods-MVVMRxSwiftTests.debug.xcconfig"; sourceTree = "<group>"; };
		37B5662B439451EA6E7E5993 /* Pods-MVVMRxSwiftUITests.release.xcconfig */ = {isa = PBXFileReference; includeInIndex = 1; lastKnownFileType = text.xcconfig; name = "Pods-MVVMRxSwiftUITests.release.xcconfig"; path = "Pods/Target Support Files/Pods-MVVMRxSwiftUITests/Pods-MVVMRxSwiftUITests.release.xcconfig"; sourceTree = "<group>"; };
		53DAC1E6D66DAB7BA5C54BE2 /* Pods_MVVMRxSwiftTests.framework */ = {isa = PBXFileReference; explicitFileType = wrapper.framework; includeInIndex = 0; path = Pods_MVVMRxSwiftTests.framework; sourceTree = BUILT_PRODUCTS_DIR; };
		6978823E4D7E71C0FED42D55 /* Pods-MVVMRxSwiftTests.release.xcconfig */ = {isa = PBXFileReference; includeInIndex = 1; lastKnownFileType = text.xcconfig; name = "Pods-MVVMRxSwiftTests.release.xcconfig"; path = "Pods/Target Support Files/Pods-MVVMRxSwiftTests/Pods-MVVMRxSwiftTests.release.xcconfig"; sourceTree = "<group>"; };
		716D2F8DAAFF4ADAEDC9C1B4 /* Pods-MVVMRxSwiftUITests.debug.xcconfig */ = {isa = PBXFileReference; includeInIndex = 1; lastKnownFileType = text.xcconfig; name = "Pods-MVVMRxSwiftUITests.debug.xcconfig"; path = "Pods/Target Support Files/Pods-MVVMRxSwiftUITests/Pods-MVVMRxSwiftUITests.debug.xcconfig"; sourceTree = "<group>"; };
		84549849217989FA000BA3BB /* MVVMRxSwift.app */ = {isa = PBXFileReference; explicitFileType = wrapper.application; includeInIndex = 0; path = MVVMRxSwift.app; sourceTree = BUILT_PRODUCTS_DIR; };
		8454984C217989FA000BA3BB /* AppDelegate.swift */ = {isa = PBXFileReference; lastKnownFileType = sourcecode.swift; path = AppDelegate.swift; sourceTree = "<group>"; };
		84549853217989FC000BA3BB /* Assets.xcassets */ = {isa = PBXFileReference; lastKnownFileType = folder.assetcatalog; path = Assets.xcassets; sourceTree = "<group>"; };
		84549856217989FC000BA3BB /* Base */ = {isa = PBXFileReference; lastKnownFileType = file.storyboard; name = Base; path = Base.lproj/LaunchScreen.storyboard; sourceTree = "<group>"; };
		84549858217989FC000BA3BB /* Info.plist */ = {isa = PBXFileReference; lastKnownFileType = text.plist.xml; path = Info.plist; sourceTree = "<group>"; };
		8454985D217989FC000BA3BB /* MVVMRxSwiftTests.xctest */ = {isa = PBXFileReference; explicitFileType = wrapper.cfbundle; includeInIndex = 0; path = MVVMRxSwiftTests.xctest; sourceTree = BUILT_PRODUCTS_DIR; };
		84549861217989FC000BA3BB /* MVVMRxSwiftTests.swift */ = {isa = PBXFileReference; lastKnownFileType = sourcecode.swift; path = MVVMRxSwiftTests.swift; sourceTree = "<group>"; };
		84549863217989FC000BA3BB /* Info.plist */ = {isa = PBXFileReference; lastKnownFileType = text.plist.xml; path = Info.plist; sourceTree = "<group>"; };
		84549868217989FC000BA3BB /* MVVMRxSwiftUITests.xctest */ = {isa = PBXFileReference; explicitFileType = wrapper.cfbundle; includeInIndex = 0; path = MVVMRxSwiftUITests.xctest; sourceTree = BUILT_PRODUCTS_DIR; };
		8454986C217989FD000BA3BB /* MVVMRxSwiftUITests.swift */ = {isa = PBXFileReference; lastKnownFileType = sourcecode.swift; path = MVVMRxSwiftUITests.swift; sourceTree = "<group>"; };
		8454986E217989FD000BA3BB /* Info.plist */ = {isa = PBXFileReference; lastKnownFileType = text.plist.xml; path = Info.plist; sourceTree = "<group>"; };
		8454988321798AF1000BA3BB /* SuperStar.swift */ = {isa = PBXFileReference; fileEncoding = 4; lastKnownFileType = sourcecode.swift; path = SuperStar.swift; sourceTree = "<group>"; };
		8454988D21798B97000BA3BB /* ViewController.swift */ = {isa = PBXFileReference; fileEncoding = 4; lastKnownFileType = sourcecode.swift; path = ViewController.swift; sourceTree = "<group>"; };
		8454988F21798BAD000BA3BB /* Main.storyboard */ = {isa = PBXFileReference; fileEncoding = 4; lastKnownFileType = file.storyboard; path = Main.storyboard; sourceTree = "<group>"; };
		8454989421798C4F000BA3BB /* SuperStarViewController.swift */ = {isa = PBXFileReference; fileEncoding = 4; lastKnownFileType = sourcecode.swift; path = SuperStarViewController.swift; sourceTree = "<group>"; };
		8454989521798C52000BA3BB /* SuperStarViewController.xib */ = {isa = PBXFileReference; fileEncoding = 4; lastKnownFileType = file.xib; path = SuperStarViewController.xib; sourceTree = "<group>"; };
		8454989821798C5C000BA3BB /* CustomTableViewCell.xib */ = {isa = PBXFileReference; fileEncoding = 4; lastKnownFileType = file.xib; path = CustomTableViewCell.xib; sourceTree = "<group>"; };
		8454989921798C5F000BA3BB /* CustomTableViewCell.swift */ = {isa = PBXFileReference; fileEncoding = 4; lastKnownFileType = sourcecode.swift; path = CustomTableViewCell.swift; sourceTree = "<group>"; };
		8454989D21798CB5000BA3BB /* FirstViewModel.swift */ = {isa = PBXFileReference; fileEncoding = 4; lastKnownFileType = sourcecode.swift; path = FirstViewModel.swift; sourceTree = "<group>"; };
		8454989E21798CBA000BA3BB /* SuperStarViewModel.swift */ = {isa = PBXFileReference; fileEncoding = 4; lastKnownFileType = sourcecode.swift; path = SuperStarViewModel.swift; sourceTree = "<group>"; };
		845498A121798DB4000BA3BB /* Utilities.swift */ = {isa = PBXFileReference; fileEncoding = 4; lastKnownFileType = sourcecode.swift; path = Utilities.swift; sourceTree = "<group>"; };
		84830A402179951F00DE70D8 /* Club.swift */ = {isa = PBXFileReference; lastKnownFileType = sourcecode.swift; path = Club.swift; sourceTree = "<group>"; };
		84830A43217995CD00DE70D8 /* CustomTableViewHeader.swift */ = {isa = PBXFileReference; lastKnownFileType = sourcecode.swift; path = CustomTableViewHeader.swift; sourceTree = "<group>"; };
		84830A44217995CD00DE70D8 /* CustomTableViewHeader.xib */ = {isa = PBXFileReference; lastKnownFileType = file.xib; path = CustomTableViewHeader.xib; sourceTree = "<group>"; };
		84B887D3217D6CE100A769EC /* PostMapper.swift */ = {isa = PBXFileReference; lastKnownFileType = sourcecode.swift; path = PostMapper.swift; sourceTree = "<group>"; };
		84B887D5217D7F8200A769EC /* PostNew.swift */ = {isa = PBXFileReference; lastKnownFileType = sourcecode.swift; path = PostNew.swift; sourceTree = "<group>"; };
		84C03202217C4B8600E38697 /* PostDTOs.swift */ = {isa = PBXFileReference; lastKnownFileType = sourcecode.swift; path = PostDTOs.swift; sourceTree = "<group>"; };
		84C03204217C4B9100E38697 /* Post.swift */ = {isa = PBXFileReference; lastKnownFileType = sourcecode.swift; path = Post.swift; sourceTree = "<group>"; };
		84C03207217C4C6B00E38697 /* APIRequestProvider.swift */ = {isa = PBXFileReference; lastKnownFileType = sourcecode.swift; path = APIRequestProvider.swift; sourceTree = "<group>"; };
		84C03209217C4CA100E38697 /* APIServiceAgent.swift */ = {isa = PBXFileReference; lastKnownFileType = sourcecode.swift; path = APIServiceAgent.swift; sourceTree = "<group>"; };
		84C0320B217C4CE000E38697 /* APIServiceObject.swift */ = {isa = PBXFileReference; lastKnownFileType = sourcecode.swift; path = APIServiceObject.swift; sourceTree = "<group>"; };
		84C0320D217C4D0C00E38697 /* PostServices.swift */ = {isa = PBXFileReference; lastKnownFileType = sourcecode.swift; path = PostServices.swift; sourceTree = "<group>"; };
		ADA66D47C377D5DCE4FAC2A5 /* Pods_MVVMRxSwiftUITests.framework */ = {isa = PBXFileReference; explicitFileType = wrapper.framework; includeInIndex = 0; path = Pods_MVVMRxSwiftUITests.framework; sourceTree = BUILT_PRODUCTS_DIR; };
		B48DD00CEBA9639301C6F7BA /* Pods-MVVMRxSwift.debug.xcconfig */ = {isa = PBXFileReference; includeInIndex = 1; lastKnownFileType = text.xcconfig; name = "Pods-MVVMRxSwift.debug.xcconfig"; path = "Pods/Target Support Files/Pods-MVVMRxSwift/Pods-MVVMRxSwift.debug.xcconfig"; sourceTree = "<group>"; };
		C99EAE6918C4A6B2F5A50C1F /* Pods_MVVMRxSwift.framework */ = {isa = PBXFileReference; explicitFileType = wrapper.framework; includeInIndex = 0; path = Pods_MVVMRxSwift.framework; sourceTree = BUILT_PRODUCTS_DIR; };
		F2D8010255F4AD3EC4826926 /* Pods-MVVMRxSwift.release.xcconfig */ = {isa = PBXFileReference; includeInIndex = 1; lastKnownFileType = text.xcconfig; name = "Pods-MVVMRxSwift.release.xcconfig"; path = "Pods/Target Support Files/Pods-MVVMRxSwift/Pods-MVVMRxSwift.release.xcconfig"; sourceTree = "<group>"; };
/* End PBXFileReference section */

/* Begin PBXFrameworksBuildPhase section */
		84549846217989FA000BA3BB /* Frameworks */ = {
			isa = PBXFrameworksBuildPhase;
			buildActionMask = 2147483647;
			files = (
				3233F47D9E9D01FE605E2F6D /* Pods_MVVMRxSwift.framework in Frameworks */,
			);
			runOnlyForDeploymentPostprocessing = 0;
		};
		8454985A217989FC000BA3BB /* Frameworks */ = {
			isa = PBXFrameworksBuildPhase;
			buildActionMask = 2147483647;
			files = (
				9328D2FF768002558D17015B /* Pods_MVVMRxSwiftTests.framework in Frameworks */,
			);
			runOnlyForDeploymentPostprocessing = 0;
		};
		84549865217989FC000BA3BB /* Frameworks */ = {
			isa = PBXFrameworksBuildPhase;
			buildActionMask = 2147483647;
			files = (
				3EF977D482A1E8FB527A5097 /* Pods_MVVMRxSwiftUITests.framework in Frameworks */,
			);
			runOnlyForDeploymentPostprocessing = 0;
		};
/* End PBXFrameworksBuildPhase section */

/* Begin PBXGroup section */
		6B1ECAB851006C42E5C71256 /* Pods */ = {
			isa = PBXGroup;
			children = (
				B48DD00CEBA9639301C6F7BA /* Pods-MVVMRxSwift.debug.xcconfig */,
				F2D8010255F4AD3EC4826926 /* Pods-MVVMRxSwift.release.xcconfig */,
				24D2E51536B531BBB7DC123C /* Pods-MVVMRxSwiftTests.debug.xcconfig */,
				6978823E4D7E71C0FED42D55 /* Pods-MVVMRxSwiftTests.release.xcconfig */,
				716D2F8DAAFF4ADAEDC9C1B4 /* Pods-MVVMRxSwiftUITests.debug.xcconfig */,
				37B5662B439451EA6E7E5993 /* Pods-MVVMRxSwiftUITests.release.xcconfig */,
			);
			name = Pods;
			sourceTree = "<group>";
		};
		84549840217989FA000BA3BB = {
			isa = PBXGroup;
			children = (
				8454984B217989FA000BA3BB /* MVVMRxSwift */,
				84549860217989FC000BA3BB /* MVVMRxSwiftTests */,
				8454986B217989FD000BA3BB /* MVVMRxSwiftUITests */,
				8454984A217989FA000BA3BB /* Products */,
				6B1ECAB851006C42E5C71256 /* Pods */,
				A185462CDE84A86040717A3A /* Frameworks */,
			);
			sourceTree = "<group>";
		};
		8454984A217989FA000BA3BB /* Products */ = {
			isa = PBXGroup;
			children = (
				84549849217989FA000BA3BB /* MVVMRxSwift.app */,
				8454985D217989FC000BA3BB /* MVVMRxSwiftTests.xctest */,
				84549868217989FC000BA3BB /* MVVMRxSwiftUITests.xctest */,
			);
			name = Products;
			sourceTree = "<group>";
		};
		8454984B217989FA000BA3BB /* MVVMRxSwift */ = {
			isa = PBXGroup;
			children = (
				84C03206217C4C2C00E38697 /* Networking */,
				8454989C21798CA3000BA3BB /* ViewModel */,
				8454988F21798BAD000BA3BB /* Main.storyboard */,
				8454988D21798B97000BA3BB /* ViewController.swift */,
				8454988A21798B3F000BA3BB /* View */,
				8454988521798AF8000BA3BB /* Utilities */,
				8454988221798ADF000BA3BB /* Model */,
				8454984C217989FA000BA3BB /* AppDelegate.swift */,
				84549853217989FC000BA3BB /* Assets.xcassets */,
				84549855217989FC000BA3BB /* LaunchScreen.storyboard */,
				84549858217989FC000BA3BB /* Info.plist */,
			);
			path = MVVMRxSwift;
			sourceTree = "<group>";
		};
		84549860217989FC000BA3BB /* MVVMRxSwiftTests */ = {
			isa = PBXGroup;
			children = (
				84549861217989FC000BA3BB /* MVVMRxSwiftTests.swift */,
				84549863217989FC000BA3BB /* Info.plist */,
			);
			path = MVVMRxSwiftTests;
			sourceTree = "<group>";
		};
		8454986B217989FD000BA3BB /* MVVMRxSwiftUITests */ = {
			isa = PBXGroup;
			children = (
				8454986C217989FD000BA3BB /* MVVMRxSwiftUITests.swift */,
				8454986E217989FD000BA3BB /* Info.plist */,
			);
			path = MVVMRxSwiftUITests;
			sourceTree = "<group>";
		};
		8454988221798ADF000BA3BB /* Model */ = {
			isa = PBXGroup;
			children = (
				8454988321798AF1000BA3BB /* SuperStar.swift */,
				84830A402179951F00DE70D8 /* Club.swift */,
				84C03202217C4B8600E38697 /* PostDTOs.swift */,
				84C03204217C4B9100E38697 /* Post.swift */,
				84B887D3217D6CE100A769EC /* PostMapper.swift */,
				84B887D5217D7F8200A769EC /* PostNew.swift */,
			);
			path = Model;
			sourceTree = "<group>";
		};
		8454988521798AF8000BA3BB /* Utilities */ = {
			isa = PBXGroup;
			children = (
				845498A121798DB4000BA3BB /* Utilities.swift */,
			);
			path = Utilities;
			sourceTree = "<group>";
		};
		8454988A21798B3F000BA3BB /* View */ = {
			isa = PBXGroup;
			children = (
				8454989121798C21000BA3BB /* SuperStarView */,
			);
			path = View;
			sourceTree = "<group>";
		};
		8454989121798C21000BA3BB /* SuperStarView */ = {
			isa = PBXGroup;
			children = (
				84830A42217995AD00DE70D8 /* Header */,
				8454989321798C41000BA3BB /* Cell */,
				8454989221798C3B000BA3BB /* ViewController */,
			);
			path = SuperStarView;
			sourceTree = "<group>";
		};
		8454989221798C3B000BA3BB /* ViewController */ = {
			isa = PBXGroup;
			children = (
				8454989421798C4F000BA3BB /* SuperStarViewController.swift */,
				8454989521798C52000BA3BB /* SuperStarViewController.xib */,
			);
			path = ViewController;
			sourceTree = "<group>";
		};
		8454989321798C41000BA3BB /* Cell */ = {
			isa = PBXGroup;
			children = (
				8454989921798C5F000BA3BB /* CustomTableViewCell.swift */,
				8454989821798C5C000BA3BB /* CustomTableViewCell.xib */,
			);
			path = Cell;
			sourceTree = "<group>";
		};
		8454989C21798CA3000BA3BB /* ViewModel */ = {
			isa = PBXGroup;
			children = (
				8454989D21798CB5000BA3BB /* FirstViewModel.swift */,
				8454989E21798CBA000BA3BB /* SuperStarViewModel.swift */,
			);
			path = ViewModel;
			sourceTree = "<group>";
		};
		84830A42217995AD00DE70D8 /* Header */ = {
			isa = PBXGroup;
			children = (
				84830A43217995CD00DE70D8 /* CustomTableViewHeader.swift */,
				84830A44217995CD00DE70D8 /* CustomTableViewHeader.xib */,
			);
			path = Header;
			sourceTree = "<group>";
		};
		84C03206217C4C2C00E38697 /* Networking */ = {
			isa = PBXGroup;
			children = (
				84C03207217C4C6B00E38697 /* APIRequestProvider.swift */,
				84C03209217C4CA100E38697 /* APIServiceAgent.swift */,
				84C0320B217C4CE000E38697 /* APIServiceObject.swift */,
				84C0320D217C4D0C00E38697 /* PostServices.swift */,
			);
			path = Networking;
			sourceTree = "<group>";
		};
		A185462CDE84A86040717A3A /* Frameworks */ = {
			isa = PBXGroup;
			children = (
				C99EAE6918C4A6B2F5A50C1F /* Pods_MVVMRxSwift.framework */,
				53DAC1E6D66DAB7BA5C54BE2 /* Pods_MVVMRxSwiftTests.framework */,
				ADA66D47C377D5DCE4FAC2A5 /* Pods_MVVMRxSwiftUITests.framework */,
			);
			name = Frameworks;
			sourceTree = "<group>";
		};
/* End PBXGroup section */

/* Begin PBXNativeTarget section */
		84549848217989FA000BA3BB /* MVVMRxSwift */ = {
			isa = PBXNativeTarget;
			buildConfigurationList = 84549871217989FD000BA3BB /* Build configuration list for PBXNativeTarget "MVVMRxSwift" */;
			buildPhases = (
				1048125B7BA21223A9364547 /* [CP] Check Pods Manifest.lock */,
				84549845217989FA000BA3BB /* Sources */,
				84549846217989FA000BA3BB /* Frameworks */,
				84549847217989FA000BA3BB /* Resources */,
				6F93003A6114761FA4A1968E /* [CP] Embed Pods Frameworks */,
			);
			buildRules = (
			);
			dependencies = (
			);
			name = MVVMRxSwift;
			productName = MVVMRxSwift;
			productReference = 84549849217989FA000BA3BB /* MVVMRxSwift.app */;
			productType = "com.apple.product-type.application";
		};
		8454985C217989FC000BA3BB /* MVVMRxSwiftTests */ = {
			isa = PBXNativeTarget;
			buildConfigurationList = 84549874217989FD000BA3BB /* Build configuration list for PBXNativeTarget "MVVMRxSwiftTests" */;
			buildPhases = (
				93699753D1F164FFFA6CB771 /* [CP] Check Pods Manifest.lock */,
				84549859217989FC000BA3BB /* Sources */,
				8454985A217989FC000BA3BB /* Frameworks */,
				8454985B217989FC000BA3BB /* Resources */,
			);
			buildRules = (
			);
			dependencies = (
				8454985F217989FC000BA3BB /* PBXTargetDependency */,
			);
			name = MVVMRxSwiftTests;
			productName = MVVMRxSwiftTests;
			productReference = 8454985D217989FC000BA3BB /* MVVMRxSwiftTests.xctest */;
			productType = "com.apple.product-type.bundle.unit-test";
		};
		84549867217989FC000BA3BB /* MVVMRxSwiftUITests */ = {
			isa = PBXNativeTarget;
			buildConfigurationList = 84549877217989FD000BA3BB /* Build configuration list for PBXNativeTarget "MVVMRxSwiftUITests" */;
			buildPhases = (
				2F9EC9CFFDB7A21DFDD4BD2E /* [CP] Check Pods Manifest.lock */,
				84549864217989FC000BA3BB /* Sources */,
				84549865217989FC000BA3BB /* Frameworks */,
				84549866217989FC000BA3BB /* Resources */,
			);
			buildRules = (
			);
			dependencies = (
				8454986A217989FC000BA3BB /* PBXTargetDependency */,
			);
			name = MVVMRxSwiftUITests;
			productName = MVVMRxSwiftUITests;
			productReference = 84549868217989FC000BA3BB /* MVVMRxSwiftUITests.xctest */;
			productType = "com.apple.product-type.bundle.ui-testing";
		};
/* End PBXNativeTarget section */

/* Begin PBXProject section */
		84549841217989FA000BA3BB /* Project object */ = {
			isa = PBXProject;
			attributes = {
				LastSwiftUpdateCheck = 1000;
				LastUpgradeCheck = 1000;
				ORGANIZATIONNAME = admin.dinhtu;
				TargetAttributes = {
					84549848217989FA000BA3BB = {
						CreatedOnToolsVersion = 10.0;
					};
					8454985C217989FC000BA3BB = {
						CreatedOnToolsVersion = 10.0;
						TestTargetID = 84549848217989FA000BA3BB;
					};
					84549867217989FC000BA3BB = {
						CreatedOnToolsVersion = 10.0;
						TestTargetID = 84549848217989FA000BA3BB;
					};
				};
			};
			buildConfigurationList = 84549844217989FA000BA3BB /* Build configuration list for PBXProject "MVVMRxSwift" */;
			compatibilityVersion = "Xcode 9.3";
			developmentRegion = en;
			hasScannedForEncodings = 0;
			knownRegions = (
				en,
				Base,
			);
			mainGroup = 84549840217989FA000BA3BB;
			productRefGroup = 8454984A217989FA000BA3BB /* Products */;
			projectDirPath = "";
			projectRoot = "";
			targets = (
				84549848217989FA000BA3BB /* MVVMRxSwift */,
				8454985C217989FC000BA3BB /* MVVMRxSwiftTests */,
				84549867217989FC000BA3BB /* MVVMRxSwiftUITests */,
			);
		};
/* End PBXProject section */

/* Begin PBXResourcesBuildPhase section */
		84549847217989FA000BA3BB /* Resources */ = {
			isa = PBXResourcesBuildPhase;
			buildActionMask = 2147483647;
			files = (
				8454989721798C52000BA3BB /* SuperStarViewController.xib in Resources */,
				84830A46217995CD00DE70D8 /* CustomTableViewHeader.xib in Resources */,
				84549857217989FC000BA3BB /* LaunchScreen.storyboard in Resources */,
				84549854217989FC000BA3BB /* Assets.xcassets in Resources */,
				8454989A21798C5F000BA3BB /* CustomTableViewCell.xib in Resources */,
				8454989021798BAD000BA3BB /* Main.storyboard in Resources */,
			);
			runOnlyForDeploymentPostprocessing = 0;
		};
		8454985B217989FC000BA3BB /* Resources */ = {
			isa = PBXResourcesBuildPhase;
			buildActionMask = 2147483647;
			files = (
			);
			runOnlyForDeploymentPostprocessing = 0;
		};
		84549866217989FC000BA3BB /* Resources */ = {
			isa = PBXResourcesBuildPhase;
			buildActionMask = 2147483647;
			files = (
			);
			runOnlyForDeploymentPostprocessing = 0;
		};
/* End PBXResourcesBuildPhase section */

/* Begin PBXShellScriptBuildPhase section */
		1048125B7BA21223A9364547 /* [CP] Check Pods Manifest.lock */ = {
			isa = PBXShellScriptBuildPhase;
			buildActionMask = 2147483647;
			files = (
			);
			inputPaths = (
				"${PODS_PODFILE_DIR_PATH}/Podfile.lock",
				"${PODS_ROOT}/Manifest.lock",
			);
			name = "[CP] Check Pods Manifest.lock";
			outputPaths = (
				"$(DERIVED_FILE_DIR)/Pods-MVVMRxSwift-checkManifestLockResult.txt",
			);
			runOnlyForDeploymentPostprocessing = 0;
			shellPath = /bin/sh;
			shellScript = "diff \"${PODS_PODFILE_DIR_PATH}/Podfile.lock\" \"${PODS_ROOT}/Manifest.lock\" > /dev/null\nif [ $? != 0 ] ; then\n    # print error to STDERR\n    echo \"error: The sandbox is not in sync with the Podfile.lock. Run 'pod install' or update your CocoaPods installation.\" >&2\n    exit 1\nfi\n# This output is used by Xcode 'outputs' to avoid re-running this script phase.\necho \"SUCCESS\" > \"${SCRIPT_OUTPUT_FILE_0}\"\n";
			showEnvVarsInLog = 0;
		};
		2F9EC9CFFDB7A21DFDD4BD2E /* [CP] Check Pods Manifest.lock */ = {
			isa = PBXShellScriptBuildPhase;
			buildActionMask = 2147483647;
			files = (
			);
			inputPaths = (
				"${PODS_PODFILE_DIR_PATH}/Podfile.lock",
				"${PODS_ROOT}/Manifest.lock",
			);
			name = "[CP] Check Pods Manifest.lock";
			outputPaths = (
				"$(DERIVED_FILE_DIR)/Pods-MVVMRxSwiftUITests-checkManifestLockResult.txt",
			);
			runOnlyForDeploymentPostprocessing = 0;
			shellPath = /bin/sh;
			shellScript = "diff \"${PODS_PODFILE_DIR_PATH}/Podfile.lock\" \"${PODS_ROOT}/Manifest.lock\" > /dev/null\nif [ $? != 0 ] ; then\n    # print error to STDERR\n    echo \"error: The sandbox is not in sync with the Podfile.lock. Run 'pod install' or update your CocoaPods installation.\" >&2\n    exit 1\nfi\n# This output is used by Xcode 'outputs' to avoid re-running this script phase.\necho \"SUCCESS\" > \"${SCRIPT_OUTPUT_FILE_0}\"\n";
			showEnvVarsInLog = 0;
		};
		6F93003A6114761FA4A1968E /* [CP] Embed Pods Frameworks */ = {
			isa = PBXShellScriptBuildPhase;
			buildActionMask = 2147483647;
			files = (
			);
			inputPaths = (
				"${SRCROOT}/Pods/Target Support Files/Pods-MVVMRxSwift/Pods-MVVMRxSwift-frameworks.sh",
				"${BUILT_PRODUCTS_DIR}/Alamofire/Alamofire.framework",
				"${BUILT_PRODUCTS_DIR}/ObjectMapper/ObjectMapper.framework",
				"${BUILT_PRODUCTS_DIR}/RxCocoa/RxCocoa.framework",
				"${BUILT_PRODUCTS_DIR}/RxSwift/RxSwift.framework",
				"${BUILT_PRODUCTS_DIR}/SwiftyJSON/SwiftyJSON.framework",
			);
			name = "[CP] Embed Pods Frameworks";
			outputPaths = (
				"${TARGET_BUILD_DIR}/${FRAMEWORKS_FOLDER_PATH}/Alamofire.framework",
				"${TARGET_BUILD_DIR}/${FRAMEWORKS_FOLDER_PATH}/ObjectMapper.framework",
				"${TARGET_BUILD_DIR}/${FRAMEWORKS_FOLDER_PATH}/RxCocoa.framework",
				"${TARGET_BUILD_DIR}/${FRAMEWORKS_FOLDER_PATH}/RxSwift.framework",
				"${TARGET_BUILD_DIR}/${FRAMEWORKS_FOLDER_PATH}/SwiftyJSON.framework",
			);
			runOnlyForDeploymentPostprocessing = 0;
			shellPath = /bin/sh;
			shellScript = "\"${SRCROOT}/Pods/Target Support Files/Pods-MVVMRxSwift/Pods-MVVMRxSwift-frameworks.sh\"\n";
			showEnvVarsInLog = 0;
		};
		93699753D1F164FFFA6CB771 /* [CP] Check Pods Manifest.lock */ = {
			isa = PBXShellScriptBuildPhase;
			buildActionMask = 2147483647;
			files = (
			);
			inputPaths = (
				"${PODS_PODFILE_DIR_PATH}/Podfile.lock",
				"${PODS_ROOT}/Manifest.lock",
			);
			name = "[CP] Check Pods Manifest.lock";
			outputPaths = (
				"$(DERIVED_FILE_DIR)/Pods-MVVMRxSwiftTests-checkManifestLockResult.txt",
			);
			runOnlyForDeploymentPostprocessing = 0;
			shellPath = /bin/sh;
			shellScript = "diff \"${PODS_PODFILE_DIR_PATH}/Podfile.lock\" \"${PODS_ROOT}/Manifest.lock\" > /dev/null\nif [ $? != 0 ] ; then\n    # print error to STDERR\n    echo \"error: The sandbox is not in sync with the Podfile.lock. Run 'pod install' or update your CocoaPods installation.\" >&2\n    exit 1\nfi\n# This output is used by Xcode 'outputs' to avoid re-running this script phase.\necho \"SUCCESS\" > \"${SCRIPT_OUTPUT_FILE_0}\"\n";
			showEnvVarsInLog = 0;
		};
/* End PBXShellScriptBuildPhase section */

/* Begin PBXSourcesBuildPhase section */
		84549845217989FA000BA3BB /* Sources */ = {
			isa = PBXSourcesBuildPhase;
			buildActionMask = 2147483647;
			files = (
				845498A021798CBB000BA3BB /* SuperStarViewModel.swift in Sources */,
				84830A412179951F00DE70D8 /* Club.swift in Sources */,
				8454989B21798C5F000BA3BB /* CustomTableViewCell.swift in Sources */,
				84C03205217C4B9100E38697 /* Post.swift in Sources */,
				84B887D6217D7F8200A769EC /* PostNew.swift in Sources */,
				84830A45217995CD00DE70D8 /* CustomTableViewHeader.swift in Sources */,
				84C03203217C4B8600E38697 /* PostDTOs.swift in Sources */,
				84C0320A217C4CA100E38697 /* APIServiceAgent.swift in Sources */,
				84C0320E217C4D0C00E38697 /* PostServices.swift in Sources */,
				8454988421798AF1000BA3BB /* SuperStar.swift in Sources */,
				84C0320C217C4CE000E38697 /* APIServiceObject.swift in Sources */,
				8454989621798C52000BA3BB /* SuperStarViewController.swift in Sources */,
				84B887D4217D6CE100A769EC /* PostMapper.swift in Sources */,
				8454989F21798CBB000BA3BB /* FirstViewModel.swift in Sources */,
				845498A221798DB4000BA3BB /* Utilities.swift in Sources */,
				8454988E21798B97000BA3BB /* ViewController.swift in Sources */,
				84C03208217C4C6B00E38697 /* APIRequestProvider.swift in Sources */,
				8454984D217989FA000BA3BB /* AppDelegate.swift in Sources */,
			);
			runOnlyForDeploymentPostprocessing = 0;
		};
		84549859217989FC000BA3BB /* Sources */ = {
			isa = PBXSourcesBuildPhase;
			buildActionMask = 2147483647;
			files = (
				84549862217989FC000BA3BB /* MVVMRxSwiftTests.swift in Sources */,
			);
			runOnlyForDeploymentPostprocessing = 0;
		};
		84549864217989FC000BA3BB /* Sources */ = {
			isa = PBXSourcesBuildPhase;
			buildActionMask = 2147483647;
			files = (
				8454986D217989FD000BA3BB /* MVVMRxSwiftUITests.swift in Sources */,
			);
			runOnlyForDeploymentPostprocessing = 0;
		};
/* End PBXSourcesBuildPhase section */

/* Begin PBXTargetDependency section */
		8454985F217989FC000BA3BB /* PBXTargetDependency */ = {
			isa = PBXTargetDependency;
			target = 84549848217989FA000BA3BB /* MVVMRxSwift */;
			targetProxy = 8454985E217989FC000BA3BB /* PBXContainerItemProxy */;
		};
		8454986A217989FC000BA3BB /* PBXTargetDependency */ = {
			isa = PBXTargetDependency;
			target = 84549848217989FA000BA3BB /* MVVMRxSwift */;
			targetProxy = 84549869217989FC000BA3BB /* PBXContainerItemProxy */;
		};
/* End PBXTargetDependency section */

/* Begin PBXVariantGroup section */
		84549855217989FC000BA3BB /* LaunchScreen.storyboard */ = {
			isa = PBXVariantGroup;
			children = (
				84549856217989FC000BA3BB /* Base */,
			);
			name = LaunchScreen.storyboard;
			sourceTree = "<group>";
		};
/* End PBXVariantGroup section */

/* Begin XCBuildConfiguration section */
		8454986F217989FD000BA3BB /* Debug */ = {
			isa = XCBuildConfiguration;
			buildSettings = {
				ALWAYS_SEARCH_USER_PATHS = NO;
				CLANG_ANALYZER_NONNULL = YES;
				CLANG_ANALYZER_NUMBER_OBJECT_CONVERSION = YES_AGGRESSIVE;
				CLANG_CXX_LANGUAGE_STANDARD = "gnu++14";
				CLANG_CXX_LIBRARY = "libc++";
				CLANG_ENABLE_MODULES = YES;
				CLANG_ENABLE_OBJC_ARC = YES;
				CLANG_ENABLE_OBJC_WEAK = YES;
				CLANG_WARN_BLOCK_CAPTURE_AUTORELEASING = YES;
				CLANG_WARN_BOOL_CONVERSION = YES;
				CLANG_WARN_COMMA = YES;
				CLANG_WARN_CONSTANT_CONVERSION = YES;
				CLANG_WARN_DEPRECATED_OBJC_IMPLEMENTATIONS = YES;
				CLANG_WARN_DIRECT_OBJC_ISA_USAGE = YES_ERROR;
				CLANG_WARN_DOCUMENTATION_COMMENTS = YES;
				CLANG_WARN_EMPTY_BODY = YES;
				CLANG_WARN_ENUM_CONVERSION = YES;
				CLANG_WARN_INFINITE_RECURSION = YES;
				CLANG_WARN_INT_CONVERSION = YES;
				CLANG_WARN_NON_LITERAL_NULL_CONVERSION = YES;
				CLANG_WARN_OBJC_IMPLICIT_RETAIN_SELF = YES;
				CLANG_WARN_OBJC_LITERAL_CONVERSION = YES;
				CLANG_WARN_OBJC_ROOT_CLASS = YES_ERROR;
				CLANG_WARN_RANGE_LOOP_ANALYSIS = YES;
				CLANG_WARN_STRICT_PROTOTYPES = YES;
				CLANG_WARN_SUSPICIOUS_MOVE = YES;
				CLANG_WARN_UNGUARDED_AVAILABILITY = YES_AGGRESSIVE;
				CLANG_WARN_UNREACHABLE_CODE = YES;
				CLANG_WARN__DUPLICATE_METHOD_MATCH = YES;
				CODE_SIGN_IDENTITY = "iPhone Developer";
				COPY_PHASE_STRIP = NO;
				DEBUG_INFORMATION_FORMAT = dwarf;
				ENABLE_STRICT_OBJC_MSGSEND = YES;
				ENABLE_TESTABILITY = YES;
				GCC_C_LANGUAGE_STANDARD = gnu11;
				GCC_DYNAMIC_NO_PIC = NO;
				GCC_NO_COMMON_BLOCKS = YES;
				GCC_OPTIMIZATION_LEVEL = 0;
				GCC_PREPROCESSOR_DEFINITIONS = (
					"DEBUG=1",
					"$(inherited)",
				);
				GCC_WARN_64_TO_32_BIT_CONVERSION = YES;
				GCC_WARN_ABOUT_RETURN_TYPE = YES_ERROR;
				GCC_WARN_UNDECLARED_SELECTOR = YES;
				GCC_WARN_UNINITIALIZED_AUTOS = YES_AGGRESSIVE;
				GCC_WARN_UNUSED_FUNCTION = YES;
				GCC_WARN_UNUSED_VARIABLE = YES;
				IPHONEOS_DEPLOYMENT_TARGET = 12.0;
				MTL_ENABLE_DEBUG_INFO = INCLUDE_SOURCE;
				MTL_FAST_MATH = YES;
				ONLY_ACTIVE_ARCH = YES;
				SDKROOT = iphoneos;
				SWIFT_ACTIVE_COMPILATION_CONDITIONS = DEBUG;
				SWIFT_OPTIMIZATION_LEVEL = "-Onone";
			};
			name = Debug;
		};
		84549870217989FD000BA3BB /* Release */ = {
			isa = XCBuildConfiguration;
			buildSettings = {
				ALWAYS_SEARCH_USER_PATHS = NO;
				CLANG_ANALYZER_NONNULL = YES;
				CLANG_ANALYZER_NUMBER_OBJECT_CONVERSION = YES_AGGRESSIVE;
				CLANG_CXX_LANGUAGE_STANDARD = "gnu++14";
				CLANG_CXX_LIBRARY = "libc++";
				CLANG_ENABLE_MODULES = YES;
				CLANG_ENABLE_OBJC_ARC = YES;
				CLANG_ENABLE_OBJC_WEAK = YES;
				CLANG_WARN_BLOCK_CAPTURE_AUTORELEASING = YES;
				CLANG_WARN_BOOL_CONVERSION = YES;
				CLANG_WARN_COMMA = YES;
				CLANG_WARN_CONSTANT_CONVERSION = YES;
				CLANG_WARN_DEPRECATED_OBJC_IMPLEMENTATIONS = YES;
				CLANG_WARN_DIRECT_OBJC_ISA_USAGE = YES_ERROR;
				CLANG_WARN_DOCUMENTATION_COMMENTS = YES;
				CLANG_WARN_EMPTY_BODY = YES;
				CLANG_WARN_ENUM_CONVERSION = YES;
				CLANG_WARN_INFINITE_RECURSION = YES;
				CLANG_WARN_INT_CONVERSION = YES;
				CLANG_WARN_NON_LITERAL_NULL_CONVERSION = YES;
				CLANG_WARN_OBJC_IMPLICIT_RETAIN_SELF = YES;
				CLANG_WARN_OBJC_LITERAL_CONVERSION = YES;
				CLANG_WARN_OBJC_ROOT_CLASS = YES_ERROR;
				CLANG_WARN_RANGE_LOOP_ANALYSIS = YES;
				CLANG_WARN_STRICT_PROTOTYPES = YES;
				CLANG_WARN_SUSPICIOUS_MOVE = YES;
				CLANG_WARN_UNGUARDED_AVAILABILITY = YES_AGGRESSIVE;
				CLANG_WARN_UNREACHABLE_CODE = YES;
				CLANG_WARN__DUPLICATE_METHOD_MATCH = YES;
				CODE_SIGN_IDENTITY = "iPhone Developer";
				COPY_PHASE_STRIP = NO;
				DEBUG_INFORMATION_FORMAT = "dwarf-with-dsym";
				ENABLE_NS_ASSERTIONS = NO;
				ENABLE_STRICT_OBJC_MSGSEND = YES;
				GCC_C_LANGUAGE_STANDARD = gnu11;
				GCC_NO_COMMON_BLOCKS = YES;
				GCC_WARN_64_TO_32_BIT_CONVERSION = YES;
				GCC_WARN_ABOUT_RETURN_TYPE = YES_ERROR;
				GCC_WARN_UNDECLARED_SELECTOR = YES;
				GCC_WARN_UNINITIALIZED_AUTOS = YES_AGGRESSIVE;
				GCC_WARN_UNUSED_FUNCTION = YES;
				GCC_WARN_UNUSED_VARIABLE = YES;
				IPHONEOS_DEPLOYMENT_TARGET = 12.0;
				MTL_ENABLE_DEBUG_INFO = NO;
				MTL_FAST_MATH = YES;
				SDKROOT = iphoneos;
				SWIFT_COMPILATION_MODE = wholemodule;
				SWIFT_OPTIMIZATION_LEVEL = "-O";
				VALIDATE_PRODUCT = YES;
			};
			name = Release;
		};
		84549872217989FD000BA3BB /* Debug */ = {
			isa = XCBuildConfiguration;
			baseConfigurationReference = B48DD00CEBA9639301C6F7BA /* Pods-MVVMRxSwift.debug.xcconfig */;
			buildSettings = {
				ASSETCATALOG_COMPILER_APPICON_NAME = AppIcon;
				CODE_SIGN_STYLE = Automatic;
				INFOPLIST_FILE = MVVMRxSwift/Info.plist;
				LD_RUNPATH_SEARCH_PATHS = (
					"$(inherited)",
					"@executable_path/Frameworks",
				);
				PRODUCT_BUNDLE_IDENTIFIER = dinhtu.MVVMRxSwift;
				PRODUCT_NAME = "$(TARGET_NAME)";
				SWIFT_VERSION = 4.2;
				TARGETED_DEVICE_FAMILY = "1,2";
			};
			name = Debug;
		};
		84549873217989FD000BA3BB /* Release */ = {
			isa = XCBuildConfiguration;
			baseConfigurationReference = F2D8010255F4AD3EC4826926 /* Pods-MVVMRxSwift.release.xcconfig */;
			buildSettings = {
				ASSETCATALOG_COMPILER_APPICON_NAME = AppIcon;
				CODE_SIGN_STYLE = Automatic;
				INFOPLIST_FILE = MVVMRxSwift/Info.plist;
				LD_RUNPATH_SEARCH_PATHS = (
					"$(inherited)",
					"@executable_path/Frameworks",
				);
				PRODUCT_BUNDLE_IDENTIFIER = dinhtu.MVVMRxSwift;
				PRODUCT_NAME = "$(TARGET_NAME)";
				SWIFT_VERSION = 4.2;
				TARGETED_DEVICE_FAMILY = "1,2";
			};
			name = Release;
		};
		84549875217989FD000BA3BB /* Debug */ = {
			isa = XCBuildConfiguration;
			baseConfigurationReference = 24D2E51536B531BBB7DC123C /* Pods-MVVMRxSwiftTests.debug.xcconfig */;
			buildSettings = {
				ALWAYS_EMBED_SWIFT_STANDARD_LIBRARIES = YES;
				BUNDLE_LOADER = "$(TEST_HOST)";
				CODE_SIGN_STYLE = Automatic;
				INFOPLIST_FILE = MVVMRxSwiftTests/Info.plist;
				LD_RUNPATH_SEARCH_PATHS = (
					"$(inherited)",
					"@executable_path/Frameworks",
					"@loader_path/Frameworks",
				);
				PRODUCT_BUNDLE_IDENTIFIER = dinhtu.MVVMRxSwiftTests;
				PRODUCT_NAME = "$(TARGET_NAME)";
				SWIFT_VERSION = 4.2;
				TARGETED_DEVICE_FAMILY = "1,2";
				TEST_HOST = "$(BUILT_PRODUCTS_DIR)/MVVMRxSwift.app/MVVMRxSwift";
			};
			name = Debug;
		};
		84549876217989FD000BA3BB /* Release */ = {
			isa = XCBuildConfiguration;
			baseConfigurationReference = 6978823E4D7E71C0FED42D55 /* Pods-MVVMRxSwiftTests.release.xcconfig */;
			buildSettings = {
				ALWAYS_EMBED_SWIFT_STANDARD_LIBRARIES = YES;
				BUNDLE_LOADER = "$(TEST_HOST)";
				CODE_SIGN_STYLE = Automatic;
				INFOPLIST_FILE = MVVMRxSwiftTests/Info.plist;
				LD_RUNPATH_SEARCH_PATHS = (
					"$(inherited)",
					"@executable_path/Frameworks",
					"@loader_path/Frameworks",
				);
				PRODUCT_BUNDLE_IDENTIFIER = dinhtu.MVVMRxSwiftTests;
				PRODUCT_NAME = "$(TARGET_NAME)";
				SWIFT_VERSION = 4.2;
				TARGETED_DEVICE_FAMILY = "1,2";
				TEST_HOST = "$(BUILT_PRODUCTS_DIR)/MVVMRxSwift.app/MVVMRxSwift";
			};
			name = Release;
		};
		84549878217989FD000BA3BB /* Debug */ = {
			isa = XCBuildConfiguration;
			baseConfigurationReference = 716D2F8DAAFF4ADAEDC9C1B4 /* Pods-MVVMRxSwiftUITests.debug.xcconfig */;
			buildSettings = {
				ALWAYS_EMBED_SWIFT_STANDARD_LIBRARIES = YES;
				CODE_SIGN_STYLE = Automatic;
				INFOPLIST_FILE = MVVMRxSwiftUITests/Info.plist;
				LD_RUNPATH_SEARCH_PATHS = (
					"$(inherited)",
					"@executable_path/Frameworks",
					"@loader_path/Frameworks",
				);
				PRODUCT_BUNDLE_IDENTIFIER = dinhtu.MVVMRxSwiftUITests;
				PRODUCT_NAME = "$(TARGET_NAME)";
				SWIFT_VERSION = 4.2;
				TARGETED_DEVICE_FAMILY = "1,2";
				TEST_TARGET_NAME = MVVMRxSwift;
			};
			name = Debug;
		};
		84549879217989FD000BA3BB /* Release */ = {
			isa = XCBuildConfiguration;
			baseConfigurationReference = 37B5662B439451EA6E7E5993 /* Pods-MVVMRxSwiftUITests.release.xcconfig */;
			buildSettings = {
				ALWAYS_EMBED_SWIFT_STANDARD_LIBRARIES = YES;
				CODE_SIGN_STYLE = Automatic;
				INFOPLIST_FILE = MVVMRxSwiftUITests/Info.plist;
				LD_RUNPATH_SEARCH_PATHS = (
					"$(inherited)",
					"@executable_path/Frameworks",
					"@loader_path/Frameworks",
				);
				PRODUCT_BUNDLE_IDENTIFIER = dinhtu.MVVMRxSwiftUITests;
				PRODUCT_NAME = "$(TARGET_NAME)";
				SWIFT_VERSION = 4.2;
				TARGETED_DEVICE_FAMILY = "1,2";
				TEST_TARGET_NAME = MVVMRxSwift;
			};
			name = Release;
		};
/* End XCBuildConfiguration section */

/* Begin XCConfigurationList section */
		84549844217989FA000BA3BB /* Build configuration list for PBXProject "MVVMRxSwift" */ = {
			isa = XCConfigurationList;
			buildConfigurations = (
				8454986F217989FD000BA3BB /* Debug */,
				84549870217989FD000BA3BB /* Release */,
			);
			defaultConfigurationIsVisible = 0;
			defaultConfigurationName = Release;
		};
		84549871217989FD000BA3BB /* Build configuration list for PBXNativeTarget "MVVMRxSwift" */ = {
			isa = XCConfigurationList;
			buildConfigurations = (
				84549872217989FD000BA3BB /* Debug */,
				84549873217989FD000BA3BB /* Release */,
			);
			defaultConfigurationIsVisible = 0;
			defaultConfigurationName = Release;
		};
		84549874217989FD000BA3BB /* Build configuration list for PBXNativeTarget "MVVMRxSwiftTests" */ = {
			isa = XCConfigurationList;
			buildConfigurations = (
				84549875217989FD000BA3BB /* Debug */,
				84549876217989FD000BA3BB /* Release */,
			);
			defaultConfigurationIsVisible = 0;
			defaultConfigurationName = Release;
		};
		84549877217989FD000BA3BB /* Build configuration list for PBXNativeTarget "MVVMRxSwiftUITests" */ = {
			isa = XCConfigurationList;
			buildConfigurations = (
				84549878217989FD000BA3BB /* Debug */,
				84549879217989FD000BA3BB /* Release */,
			);
			defaultConfigurationIsVisible = 0;
			defaultConfigurationName = Release;
		};
/* End XCConfigurationList section */
	};
	rootObject = 84549841217989FA000BA3BB /* Project object */;
}
